
Microsoft Visual Studio Solution File, Format Version 12.00
# Visual Studio Version 17
VisualStudioVersion = 17.14.36109.1 d17.14
MinimumVisualStudioVersion = 10.0.40219.1
Project("{FAE04EC0-301F-11D3-BF4B-00C04F79EFBC}") = "AirlineTicketSales", "AirlineTicketSales\AirlineTicketSales.csproj", "{75F6B119-74BB-491E-A019-0B4910991F17}"
EndProject
Global
	GlobalSection(SolutionConfigurationPlatforms) = preSolution
		Debug|Any CPU = Debug|Any CPU
		Release|Any CPU = Release|Any CPU
	EndGlobalSection
	GlobalSection(ProjectConfigurationPlatforms) = postSolution
		{75F6B119-74BB-491E-A019-0B4910991F17}.Debug|Any CPU.ActiveCfg = Debug|Any CPU
		{75F6B119-74BB-491E-A019-0B4910991F17}.Debug|Any CPU.Build.0 = Debug|Any CPU
		{75F6B119-74BB-491E-A019-0B4910991F17}.Release|Any CPU.ActiveCfg = Release|Any CPU
		{75F6B119-74BB-491E-A019-0B4910991F17}.Release|Any CPU.Build.0 = Release|Any CPU
	EndGlobalSection
	GlobalSection(SolutionProperties) = preSolution
		HideSolutionNode = FALSE
	EndGlobalSection
	GlobalSection(ExtensibilityGlobals) = postSolution
		SolutionGuid = {AADFE9B1-098B-4308-BA7F-827B785D9105}
	EndGlobalSection
EndGlobal
